
Microsoft Visual Studio Solution File, Format Version 12.00
# Visual Studio 2013
VisualStudioVersion = 12.0.30501.0
MinimumVisualStudioVersion = 10.0.40219.1
Project("{FAE04EC0-301F-11D3-BF4B-00C04F79EFBC}") = "xCodedUI.AppFramework", "xCodedUI.AppFramework\xCodedUI.AppFramework.csproj", "{F83B6374-4468-43C1-9FED-0360F73E809F}"
EndProject
Project("{FAE04EC0-301F-11D3-BF4B-00C04F79EFBC}") = "xCodedUI.AppControls", "xCodedUI.AppControls\xCodedUI.AppControls.csproj", "{C3E98EB8-3256-452D-B063-F2BDB04FB4CE}"
EndProject
Global
	GlobalSection(SolutionConfigurationPlatforms) = preSolution
		Debug|Any CPU = Debug|Any CPU
		Release|Any CPU = Release|Any CPU
	EndGlobalSection
	GlobalSection(ProjectConfigurationPlatforms) = postSolution
		{F83B6374-4468-43C1-9FED-0360F73E809F}.Debug|Any CPU.ActiveCfg = Debug|Any CPU
		{F83B6374-4468-43C1-9FED-0360F73E809F}.Debug|Any CPU.Build.0 = Debug|Any CPU
		{F83B6374-4468-43C1-9FED-0360F73E809F}.Release|Any CPU.ActiveCfg = Release|Any CPU
		{F83B6374-4468-43C1-9FED-0360F73E809F}.Release|Any CPU.Build.0 = Release|Any CPU
		{C3E98EB8-3256-452D-B063-F2BDB04FB4CE}.Debug|Any CPU.ActiveCfg = Debug|Any CPU
		{C3E98EB8-3256-452D-B063-F2BDB04FB4CE}.Debug|Any CPU.Build.0 = Debug|Any CPU
		{C3E98EB8-3256-452D-B063-F2BDB04FB4CE}.Release|Any CPU.ActiveCfg = Release|Any CPU
		{C3E98EB8-3256-452D-B063-F2BDB04FB4CE}.Release|Any CPU.Build.0 = Release|Any CPU
	EndGlobalSection
	GlobalSection(SolutionProperties) = preSolution
		HideSolutionNode = FALSE
	EndGlobalSection
EndGlobal
